
Microsoft Visual Studio Solution File, Format Version 12.00
# Visual Studio 15
VisualStudioVersion = 15.0.27703.2042
MinimumVisualStudioVersion = 10.0.40219.1
Project("{FAE04EC0-301F-11D3-BF4B-00C04F79EFBC}") = "ControllerImitation", "ControllerImitation\ControllerImitation.csproj", "{DE0EA3DF-004D-4E1C-B427-6100363BE074}"
EndProject
Global
	GlobalSection(SolutionConfigurationPlatforms) = preSolution
		Debug|Any CPU = Debug|Any CPU
		Release|Any CPU = Release|Any CPU
	EndGlobalSection
	GlobalSection(ProjectConfigurationPlatforms) = postSolution
		{DE0EA3DF-004D-4E1C-B427-6100363BE074}.Debug|Any CPU.ActiveCfg = Debug|Any CPU
		{DE0EA3DF-004D-4E1C-B427-6100363BE074}.Debug|Any CPU.Build.0 = Debug|Any CPU
		{DE0EA3DF-004D-4E1C-B427-6100363BE074}.Release|Any CPU.ActiveCfg = Release|Any CPU
		{DE0EA3DF-004D-4E1C-B427-6100363BE074}.Release|Any CPU.Build.0 = Release|Any CPU
	EndGlobalSection
	GlobalSection(SolutionProperties) = preSolution
		HideSolutionNode = FALSE
	EndGlobalSection
	GlobalSection(ExtensibilityGlobals) = postSolution
		SolutionGuid = {7255FFA2-69DD-4835-BB0F-C6ABB796821C}
	EndGlobalSection
EndGlobal
